
Microsoft Visual Studio Solution File, Format Version 12.00
# Visual Studio Version 16
VisualStudioVersion = 16.0.30621.155
MinimumVisualStudioVersion = 10.0.40219.1
Project("{FAE04EC0-301F-11D3-BF4B-00C04F79EFBC}") = "Leson4", "Leson4\Leson4.csproj", "{D7D3DF29-03ED-4EB0-864E-4460E7CA8D7B}"
EndProject
Global
	GlobalSection(SolutionConfigurationPlatforms) = preSolution
		Debug|Any CPU = Debug|Any CPU
		Release|Any CPU = Release|Any CPU
	EndGlobalSection
	GlobalSection(ProjectConfigurationPlatforms) = postSolution
		{D7D3DF29-03ED-4EB0-864E-4460E7CA8D7B}.Debug|Any CPU.ActiveCfg = Debug|Any CPU
		{D7D3DF29-03ED-4EB0-864E-4460E7CA8D7B}.Debug|Any CPU.Build.0 = Debug|Any CPU
		{D7D3DF29-03ED-4EB0-864E-4460E7CA8D7B}.Release|Any CPU.ActiveCfg = Release|Any CPU
		{D7D3DF29-03ED-4EB0-864E-4460E7CA8D7B}.Release|Any CPU.Build.0 = Release|Any CPU
	EndGlobalSection
	GlobalSection(SolutionProperties) = preSolution
		HideSolutionNode = FALSE
	EndGlobalSection
	GlobalSection(ExtensibilityGlobals) = postSolution
		SolutionGuid = {E9DBEED9-570F-4B2D-A675-8FF9F6AA1D71}
	EndGlobalSection
EndGlobal
